
Microsoft Visual Studio Solution File, Format Version 12.00
# Visual Studio Version 17
VisualStudioVersion = 17.14.36915.13 d17.14
MinimumVisualStudioVersion = 10.0.40219.1
Project("{FAE04EC0-301F-11D3-BF4B-00C04F79EFBC}") = "BMIKalkulator", "BMIKalkulator\BMIKalkulator.csproj", "{023A61C2-FBFD-4328-B51B-A3441DB03F1F}"
EndProject
Project("{FAE04EC0-301F-11D3-BF4B-00C04F79EFBC}") = "Dog", "Dog\Dog.csproj", "{0382984B-F4B9-424A-A1F7-E9CAE818CA29}"
EndProject
Project("{FAE04EC0-301F-11D3-BF4B-00C04F79EFBC}") = "NegyzetKocka", "NegyzetKocka\NegyzetKocka.csproj", "{48753673-3A37-4D39-B125-798A832E6C71}"
EndProject
Project("{FAE04EC0-301F-11D3-BF4B-00C04F79EFBC}") = "TombStatistika", "TombStatistika\TombStatistika.csproj", "{A99D86AB-66E3-4297-9738-BAA4411D2BB9}"
EndProject
Global
	GlobalSection(SolutionConfigurationPlatforms) = preSolution
		Debug|Any CPU = Debug|Any CPU
		Release|Any CPU = Release|Any CPU
	EndGlobalSection
	GlobalSection(ProjectConfigurationPlatforms) = postSolution
		{023A61C2-FBFD-4328-B51B-A3441DB03F1F}.Debug|Any CPU.ActiveCfg = Debug|Any CPU
		{023A61C2-FBFD-4328-B51B-A3441DB03F1F}.Debug|Any CPU.Build.0 = Debug|Any CPU
		{023A61C2-FBFD-4328-B51B-A3441DB03F1F}.Release|Any CPU.ActiveCfg = Release|Any CPU
		{023A61C2-FBFD-4328-B51B-A3441DB03F1F}.Release|Any CPU.Build.0 = Release|Any CPU
		{0382984B-F4B9-424A-A1F7-E9CAE818CA29}.Debug|Any CPU.ActiveCfg = Debug|Any CPU
		{0382984B-F4B9-424A-A1F7-E9CAE818CA29}.Debug|Any CPU.Build.0 = Debug|Any CPU
		{0382984B-F4B9-424A-A1F7-E9CAE818CA29}.Release|Any CPU.ActiveCfg = Release|Any CPU
		{0382984B-F4B9-424A-A1F7-E9CAE818CA29}.Release|Any CPU.Build.0 = Release|Any CPU
		{48753673-3A37-4D39-B125-798A832E6C71}.Debug|Any CPU.ActiveCfg = Debug|Any CPU
		{48753673-3A37-4D39-B125-798A832E6C71}.Debug|Any CPU.Build.0 = Debug|Any CPU
		{48753673-3A37-4D39-B125-798A832E6C71}.Release|Any CPU.ActiveCfg = Release|Any CPU
		{48753673-3A37-4D39-B125-798A832E6C71}.Release|Any CPU.Build.0 = Release|Any CPU
		{A99D86AB-66E3-4297-9738-BAA4411D2BB9}.Debug|Any CPU.ActiveCfg = Debug|Any CPU
		{A99D86AB-66E3-4297-9738-BAA4411D2BB9}.Debug|Any CPU.Build.0 = Debug|Any CPU
		{A99D86AB-66E3-4297-9738-BAA4411D2BB9}.Release|Any CPU.ActiveCfg = Release|Any CPU
		{A99D86AB-66E3-4297-9738-BAA4411D2BB9}.Release|Any CPU.Build.0 = Release|Any CPU
	EndGlobalSection
	GlobalSection(SolutionProperties) = preSolution
		HideSolutionNode = FALSE
	EndGlobalSection
	GlobalSection(ExtensibilityGlobals) = postSolution
		SolutionGuid = {F19A0B40-4A7F-47B6-A1A2-462E518205C6}
	EndGlobalSection
EndGlobal
